
Microsoft Visual Studio Solution File, Format Version 12.00
# Visual Studio Version 17
VisualStudioVersion = 17.7.34018.315
MinimumVisualStudioVersion = 10.0.40219.1
Project("{FAE04EC0-301F-11D3-BF4B-00C04F79EFBC}") = "Seno08", "Seno08.csproj", "{DB939C15-5819-4C47-B097-A7422FD14052}"
EndProject
Global
	GlobalSection(SolutionConfigurationPlatforms) = preSolution
		Debug|Any CPU = Debug|Any CPU
		Release|Any CPU = Release|Any CPU
	EndGlobalSection
	GlobalSection(ProjectConfigurationPlatforms) = postSolution
		{DB939C15-5819-4C47-B097-A7422FD14052}.Debug|Any CPU.ActiveCfg = Debug|Any CPU
		{DB939C15-5819-4C47-B097-A7422FD14052}.Debug|Any CPU.Build.0 = Debug|Any CPU
		{DB939C15-5819-4C47-B097-A7422FD14052}.Release|Any CPU.ActiveCfg = Release|Any CPU
		{DB939C15-5819-4C47-B097-A7422FD14052}.Release|Any CPU.Build.0 = Release|Any CPU
	EndGlobalSection
	GlobalSection(SolutionProperties) = preSolution
		HideSolutionNode = FALSE
	EndGlobalSection
	GlobalSection(ExtensibilityGlobals) = postSolution
		SolutionGuid = {7132E152-EFE8-4E86-B00C-D0521A7AC830}
	EndGlobalSection
EndGlobal
